
Microsoft Visual Studio Solution File, Format Version 12.00
# Visual Studio Version 16
VisualStudioVersion = 16.0.29613.14
MinimumVisualStudioVersion = 10.0.40219.1
Project("{9A19103F-16F7-4668-BE54-9A1E7A4F7556}") = "ConsoleAppNETCore", "ConsoleAppNETCore\ConsoleAppNETCore.csproj", "{80716820-2300-41EC-87F3-1E69C04946BC}"
EndProject
Project("{9A19103F-16F7-4668-BE54-9A1E7A4F7556}") = "SharedLibraryNETStandard", "SharedLibraryNETStandard\SharedLibraryNETStandard.csproj", "{720BE3B0-DBC9-4791-9F7A-1F3B139C53FB}"
EndProject
Project("{FAE04EC0-301F-11D3-BF4B-00C04F79EFBC}") = "SharedLibraryNETFramework", "SharedLibraryNETFramework\SharedLibraryNETFramework.csproj", "{5AD9ECEF-5F81-4FC2-82D4-72D17E840F88}"
EndProject
Project("{9A19103F-16F7-4668-BE54-9A1E7A4F7556}") = "SharedLibraryNETCore", "SharedLibraryNETCore\SharedLibraryNETCore.csproj", "{B30CFD9C-FDEB-47F8-BDF9-CD838E4B1130}"
EndProject
Global
	GlobalSection(SolutionConfigurationPlatforms) = preSolution
		Debug|Any CPU = Debug|Any CPU
		Release|Any CPU = Release|Any CPU
	EndGlobalSection
	GlobalSection(ProjectConfigurationPlatforms) = postSolution
		{80716820-2300-41EC-87F3-1E69C04946BC}.Debug|Any CPU.ActiveCfg = Debug|Any CPU
		{80716820-2300-41EC-87F3-1E69C04946BC}.Debug|Any CPU.Build.0 = Debug|Any CPU
		{80716820-2300-41EC-87F3-1E69C04946BC}.Release|Any CPU.ActiveCfg = Release|Any CPU
		{80716820-2300-41EC-87F3-1E69C04946BC}.Release|Any CPU.Build.0 = Release|Any CPU
		{720BE3B0-DBC9-4791-9F7A-1F3B139C53FB}.Debug|Any CPU.ActiveCfg = Debug|Any CPU
		{720BE3B0-DBC9-4791-9F7A-1F3B139C53FB}.Debug|Any CPU.Build.0 = Debug|Any CPU
		{720BE3B0-DBC9-4791-9F7A-1F3B139C53FB}.Release|Any CPU.ActiveCfg = Release|Any CPU
		{720BE3B0-DBC9-4791-9F7A-1F3B139C53FB}.Release|Any CPU.Build.0 = Release|Any CPU
		{5AD9ECEF-5F81-4FC2-82D4-72D17E840F88}.Debug|Any CPU.ActiveCfg = Debug|Any CPU
		{5AD9ECEF-5F81-4FC2-82D4-72D17E840F88}.Debug|Any CPU.Build.0 = Debug|Any CPU
		{5AD9ECEF-5F81-4FC2-82D4-72D17E840F88}.Release|Any CPU.ActiveCfg = Release|Any CPU
		{5AD9ECEF-5F81-4FC2-82D4-72D17E840F88}.Release|Any CPU.Build.0 = Release|Any CPU
		{B30CFD9C-FDEB-47F8-BDF9-CD838E4B1130}.Debug|Any CPU.ActiveCfg = Debug|Any CPU
		{B30CFD9C-FDEB-47F8-BDF9-CD838E4B1130}.Debug|Any CPU.Build.0 = Debug|Any CPU
		{B30CFD9C-FDEB-47F8-BDF9-CD838E4B1130}.Release|Any CPU.ActiveCfg = Release|Any CPU
		{B30CFD9C-FDEB-47F8-BDF9-CD838E4B1130}.Release|Any CPU.Build.0 = Release|Any CPU
	EndGlobalSection
	GlobalSection(SolutionProperties) = preSolution
		HideSolutionNode = FALSE
	EndGlobalSection
	GlobalSection(ExtensibilityGlobals) = postSolution
		SolutionGuid = {E7EF9225-8190-467B-A366-ED7AFF35C142}
	EndGlobalSection
EndGlobal
